// !$*UTF8*$!
{
	archiveVersion = 1;
	classes = {
	};
	objectVersion = 56;
	objects = {

/* Begin PBXBuildFile section */
		E52C05F629F049EF002D7C11 /* Gaming_TApp.swift in Sources */ = {isa = PBXBuildFile; fileRef = E52C05F529F049EF002D7C11 /* Gaming_TApp.swift */; };
		E52C05F829F049EF002D7C11 /* ContentView.swift in Sources */ = {isa = PBXBuildFile; fileRef = E52C05F729F049EF002D7C11 /* ContentView.swift */; };
		E52C05FA29F049F1002D7C11 /* Assets.xcassets in Resources */ = {isa = PBXBuildFile; fileRef = E52C05F929F049F1002D7C11 /* Assets.xcassets */; };
		E52C05FD29F049F1002D7C11 /* Preview Assets.xcassets in Resources */ = {isa = PBXBuildFile; fileRef = E52C05FC29F049F1002D7C11 /* Preview Assets.xcassets */; };
		E52C060729F049F1002D7C11 /* Gaming_TTests.swift in Sources */ = {isa = PBXBuildFile; fileRef = E52C060629F049F1002D7C11 /* Gaming_TTests.swift */; };
		E52C061129F049F1002D7C11 /* Gaming_TUITests.swift in Sources */ = {isa = PBXBuildFile; fileRef = E52C061029F049F1002D7C11 /* Gaming_TUITests.swift */; };
		E52C061329F049F1002D7C11 /* Gaming_TUITestsLaunchTests.swift in Sources */ = {isa = PBXBuildFile; fileRef = E52C061229F049F1002D7C11 /* Gaming_TUITestsLaunchTests.swift */; };
		E52C062129F04B62002D7C11 /* GamingCardView.swift in Sources */ = {isa = PBXBuildFile; fileRef = E52C062029F04B62002D7C11 /* GamingCardView.swift */; };
		E52C062429F07745002D7C11 /* Colors+Styles.swift in Sources */ = {isa = PBXBuildFile; fileRef = E52C062329F07745002D7C11 /* Colors+Styles.swift */; };
		E52C062629F0B6E5002D7C11 /* Fonts.swift in Sources */ = {isa = PBXBuildFile; fileRef = E52C062529F0B6E5002D7C11 /* Fonts.swift */; };
		E52C062829F0BE5A002D7C11 /* CardDivider.swift in Sources */ = {isa = PBXBuildFile; fileRef = E52C062729F0BE5A002D7C11 /* CardDivider.swift */; };
		E52C062B29F1D3B2002D7C11 /* HomeScreen.swift in Sources */ = {isa = PBXBuildFile; fileRef = E52C062A29F1D3B2002D7C11 /* HomeScreen.swift */; };
		E52C062E29F1DA19002D7C11 /* PlayersData.swift in Sources */ = {isa = PBXBuildFile; fileRef = E52C062D29F1DA19002D7C11 /* PlayersData.swift */; };
/* End PBXBuildFile section */

/* Begin PBXContainerItemProxy section */
		E52C060329F049F1002D7C11 /* PBXContainerItemProxy */ = {
			isa = PBXContainerItemProxy;
			containerPortal = E52C05EA29F049EF002D7C11 /* Project object */;
			proxyType = 1;
			remoteGlobalIDString = E52C05F129F049EF002D7C11;
			remoteInfo = "Gaming T";
		};
		E52C060D29F049F1002D7C11 /* PBXContainerItemProxy */ = {
			isa = PBXContainerItemProxy;
			containerPortal = E52C05EA29F049EF002D7C11 /* Project object */;
			proxyType = 1;
			remoteGlobalIDString = E52C05F129F049EF002D7C11;
			remoteInfo = "Gaming T";
		};
/* End PBXContainerItemProxy section */

/* Begin PBXFileReference section */
		E52C05F229F049EF002D7C11 /* Gaming Match.app */ = {isa = PBXFileReference; explicitFileType = wrapper.application; includeInIndex = 0; path = "Gaming Match.app"; sourceTree = BUILT_PRODUCTS_DIR; };
		E52C05F529F049EF002D7C11 /* Gaming_TApp.swift */ = {isa = PBXFileReference; lastKnownFileType = sourcecode.swift; path = Gaming_TApp.swift; sourceTree = "<group>"; };
		E52C05F729F049EF002D7C11 /* ContentView.swift */ = {isa = PBXFileReference; lastKnownFileType = sourcecode.swift; path = ContentView.swift; sourceTree = "<group>"; };
		E52C05F929F049F1002D7C11 /* Assets.xcassets */ = {isa = PBXFileReference; lastKnownFileType = folder.assetcatalog; path = Assets.xcassets; sourceTree = "<group>"; };
		E52C05FC29F049F1002D7C11 /* Preview Assets.xcassets */ = {isa = PBXFileReference; lastKnownFileType = folder.assetcatalog; path = "Preview Assets.xcassets"; sourceTree = "<group>"; };
		E52C060229F049F1002D7C11 /* Gaming MatchTests.xctest */ = {isa = PBXFileReference; explicitFileType = wrapper.cfbundle; includeInIndex = 0; path = "Gaming MatchTests.xctest"; sourceTree = BUILT_PRODUCTS_DIR; };
		E52C060629F049F1002D7C11 /* Gaming_TTests.swift */ = {isa = PBXFileReference; lastKnownFileType = sourcecode.swift; path = Gaming_TTests.swift; sourceTree = "<group>"; };
		E52C060C29F049F1002D7C11 /* Gaming MatchUITests.xctest */ = {isa = PBXFileReference; explicitFileType = wrapper.cfbundle; includeInIndex = 0; path = "Gaming MatchUITests.xctest"; sourceTree = BUILT_PRODUCTS_DIR; };
		E52C061029F049F1002D7C11 /* Gaming_TUITests.swift */ = {isa = PBXFileReference; lastKnownFileType = sourcecode.swift; path = Gaming_TUITests.swift; sourceTree = "<group>"; };
		E52C061229F049F1002D7C11 /* Gaming_TUITestsLaunchTests.swift */ = {isa = PBXFileReference; lastKnownFileType = sourcecode.swift; path = Gaming_TUITestsLaunchTests.swift; sourceTree = "<group>"; };
		E52C062029F04B62002D7C11 /* GamingCardView.swift */ = {isa = PBXFileReference; lastKnownFileType = sourcecode.swift; path = GamingCardView.swift; sourceTree = "<group>"; };
		E52C062329F07745002D7C11 /* Colors+Styles.swift */ = {isa = PBXFileReference; lastKnownFileType = sourcecode.swift; path = "Colors+Styles.swift"; sourceTree = "<group>"; };
		E52C062529F0B6E5002D7C11 /* Fonts.swift */ = {isa = PBXFileReference; lastKnownFileType = sourcecode.swift; path = Fonts.swift; sourceTree = "<group>"; };
		E52C062729F0BE5A002D7C11 /* CardDivider.swift */ = {isa = PBXFileReference; lastKnownFileType = sourcecode.swift; path = CardDivider.swift; sourceTree = "<group>"; };
		E52C062A29F1D3B2002D7C11 /* HomeScreen.swift */ = {isa = PBXFileReference; lastKnownFileType = sourcecode.swift; path = HomeScreen.swift; sourceTree = "<group>"; };
		E52C062D29F1DA19002D7C11 /* PlayersData.swift */ = {isa = PBXFileReference; lastKnownFileType = sourcecode.swift; path = PlayersData.swift; sourceTree = "<group>"; };
/* End PBXFileReference section */

/* Begin PBXFrameworksBuildPhase section */
		E52C05EF29F049EF002D7C11 /* Frameworks */ = {
			isa = PBXFrameworksBuildPhase;
			buildActionMask = 2147483647;
			files = (
			);
			runOnlyForDeploymentPostprocessing = 0;
		};
		E52C05FF29F049F1002D7C11 /* Frameworks */ = {
			isa = PBXFrameworksBuildPhase;
			buildActionMask = 2147483647;
			files = (
			);
			runOnlyForDeploymentPostprocessing = 0;
		};
		E52C060929F049F1002D7C11 /* Frameworks */ = {
			isa = PBXFrameworksBuildPhase;
			buildActionMask = 2147483647;
			files = (
			);
			runOnlyForDeploymentPostprocessing = 0;
		};
/* End PBXFrameworksBuildPhase section */

/* Begin PBXGroup section */
		E52C05E929F049EF002D7C11 = {
			isa = PBXGroup;
			children = (
				E52C05F429F049EF002D7C11 /* Gaming Match */,
				E52C060529F049F1002D7C11 /* Gaming TTests */,
				E52C060F29F049F1002D7C11 /* Gaming TUITests */,
				E52C05F329F049EF002D7C11 /* Products */,
			);
			sourceTree = "<group>";
		};
		E52C05F329F049EF002D7C11 /* Products */ = {
			isa = PBXGroup;
			children = (
				E52C05F229F049EF002D7C11 /* Gaming Match.app */,
				E52C060229F049F1002D7C11 /* Gaming MatchTests.xctest */,
				E52C060C29F049F1002D7C11 /* Gaming MatchUITests.xctest */,
			);
			name = Products;
			sourceTree = "<group>";
		};
		E52C05F429F049EF002D7C11 /* Gaming Match */ = {
			isa = PBXGroup;
			children = (
				E52C062929F1D3A3002D7C11 /* Home */,
				E52C062229F0772A002D7C11 /* Utils */,
				E52C061F29F04B3B002D7C11 /* Card */,
				E52C05F529F049EF002D7C11 /* Gaming_TApp.swift */,
				E52C05F729F049EF002D7C11 /* ContentView.swift */,
				E52C05F929F049F1002D7C11 /* Assets.xcassets */,
				E52C05FB29F049F1002D7C11 /* Preview Content */,
			);
			path = "Gaming Match";
			sourceTree = "<group>";
		};
		E52C05FB29F049F1002D7C11 /* Preview Content */ = {
			isa = PBXGroup;
			children = (
				E52C05FC29F049F1002D7C11 /* Preview Assets.xcassets */,
			);
			path = "Preview Content";
			sourceTree = "<group>";
		};
		E52C060529F049F1002D7C11 /* Gaming TTests */ = {
			isa = PBXGroup;
			children = (
				E52C060629F049F1002D7C11 /* Gaming_TTests.swift */,
			);
			path = "Gaming TTests";
			sourceTree = "<group>";
		};
		E52C060F29F049F1002D7C11 /* Gaming TUITests */ = {
			isa = PBXGroup;
			children = (
				E52C061029F049F1002D7C11 /* Gaming_TUITests.swift */,
				E52C061229F049F1002D7C11 /* Gaming_TUITestsLaunchTests.swift */,
			);
			path = "Gaming TUITests";
			sourceTree = "<group>";
		};
		E52C061F29F04B3B002D7C11 /* Card */ = {
			isa = PBXGroup;
			children = (
				E52C062C29F1D9FD002D7C11 /* Cards Model */,
				E52C062029F04B62002D7C11 /* GamingCardView.swift */,
			);
			path = Card;
			sourceTree = "<group>";
		};
		E52C062229F0772A002D7C11 /* Utils */ = {
			isa = PBXGroup;
			children = (
				E52C062329F07745002D7C11 /* Colors+Styles.swift */,
				E52C062529F0B6E5002D7C11 /* Fonts.swift */,
				E52C062729F0BE5A002D7C11 /* CardDivider.swift */,
			);
			path = Utils;
			sourceTree = "<group>";
		};
		E52C062929F1D3A3002D7C11 /* Home */ = {
			isa = PBXGroup;
			children = (
				E52C062A29F1D3B2002D7C11 /* HomeScreen.swift */,
			);
			path = Home;
			sourceTree = "<group>";
		};
		E52C062C29F1D9FD002D7C11 /* Cards Model */ = {
			isa = PBXGroup;
			children = (
				E52C062D29F1DA19002D7C11 /* PlayersData.swift */,
			);
			path = "Cards Model";
			sourceTree = "<group>";
		};
/* End PBXGroup section */

/* Begin PBXNativeTarget section */
		E52C05F129F049EF002D7C11 /* Gaming Match */ = {
			isa = PBXNativeTarget;
			buildConfigurationList = E52C061629F049F1002D7C11 /* Build configuration list for PBXNativeTarget "Gaming Match" */;
			buildPhases = (
				E52C05EE29F049EF002D7C11 /* Sources */,
				E52C05EF29F049EF002D7C11 /* Frameworks */,
				E52C05F029F049EF002D7C11 /* Resources */,
			);
			buildRules = (
			);
			dependencies = (
			);
			name = "Gaming Match";
			productName = "Gaming T";
			productReference = E52C05F229F049EF002D7C11 /* Gaming Match.app */;
			productType = "com.apple.product-type.application";
		};
		E52C060129F049F1002D7C11 /* Gaming MatchTests */ = {
			isa = PBXNativeTarget;
			buildConfigurationList = E52C061929F049F1002D7C11 /* Build configuration list for PBXNativeTarget "Gaming MatchTests" */;
			buildPhases = (
				E52C05FE29F049F1002D7C11 /* Sources */,
				E52C05FF29F049F1002D7C11 /* Frameworks */,
				E52C060029F049F1002D7C11 /* Resources */,
			);
			buildRules = (
			);
			dependencies = (
				E52C060429F049F1002D7C11 /* PBXTargetDependency */,
			);
			name = "Gaming MatchTests";
			productName = "Gaming TTests";
			productReference = E52C060229F049F1002D7C11 /* Gaming MatchTests.xctest */;
			productType = "com.apple.product-type.bundle.unit-test";
		};
		E52C060B29F049F1002D7C11 /* Gaming MatchUITests */ = {
			isa = PBXNativeTarget;
			buildConfigurationList = E52C061C29F049F1002D7C11 /* Build configuration list for PBXNativeTarget "Gaming MatchUITests" */;
			buildPhases = (
				E52C060829F049F1002D7C11 /* Sources */,
				E52C060929F049F1002D7C11 /* Frameworks */,
				E52C060A29F049F1002D7C11 /* Resources */,
			);
			buildRules = (
			);
			dependencies = (
				E52C060E29F049F1002D7C11 /* PBXTargetDependency */,
			);
			name = "Gaming MatchUITests";
			productName = "Gaming TUITests";
			productReference = E52C060C29F049F1002D7C11 /* Gaming MatchUITests.xctest */;
			productType = "com.apple.product-type.bundle.ui-testing";
		};
/* End PBXNativeTarget section */

/* Begin PBXProject section */
		E52C05EA29F049EF002D7C11 /* Project object */ = {
			isa = PBXProject;
			attributes = {
				BuildIndependentTargetsInParallel = 1;
				LastSwiftUpdateCheck = 1420;
				LastUpgradeCheck = 1420;
				TargetAttributes = {
					E52C05F129F049EF002D7C11 = {
						CreatedOnToolsVersion = 14.2;
					};
					E52C060129F049F1002D7C11 = {
						CreatedOnToolsVersion = 14.2;
						TestTargetID = E52C05F129F049EF002D7C11;
					};
					E52C060B29F049F1002D7C11 = {
						CreatedOnToolsVersion = 14.2;
						TestTargetID = E52C05F129F049EF002D7C11;
					};
				};
			};
			buildConfigurationList = E52C05ED29F049EF002D7C11 /* Build configuration list for PBXProject "Gaming Match" */;
			compatibilityVersion = "Xcode 14.0";
			developmentRegion = en;
			hasScannedForEncodings = 0;
			knownRegions = (
				en,
				Base,
			);
			mainGroup = E52C05E929F049EF002D7C11;
			productRefGroup = E52C05F329F049EF002D7C11 /* Products */;
			projectDirPath = "";
			projectRoot = "";
			targets = (
				E52C05F129F049EF002D7C11 /* Gaming Match */,
				E52C060129F049F1002D7C11 /* Gaming MatchTests */,
				E52C060B29F049F1002D7C11 /* Gaming MatchUITests */,
			);
		};
/* End PBXProject section */

/* Begin PBXResourcesBuildPhase section */
		E52C05F029F049EF002D7C11 /* Resources */ = {
			isa = PBXResourcesBuildPhase;
			buildActionMask = 2147483647;
			files = (
				E52C05FD29F049F1002D7C11 /* Preview Assets.xcassets in Resources */,
				E52C05FA29F049F1002D7C11 /* Assets.xcassets in Resources */,
			);
			runOnlyForDeploymentPostprocessing = 0;
		};
		E52C060029F049F1002D7C11 /* Resources */ = {
			isa = PBXResourcesBuildPhase;
			buildActionMask = 2147483647;
			files = (
			);
			runOnlyForDeploymentPostprocessing = 0;
		};
		E52C060A29F049F1002D7C11 /* Resources */ = {
			isa = PBXResourcesBuildPhase;
			buildActionMask = 2147483647;
			files = (
			);
			runOnlyForDeploymentPostprocessing = 0;
		};
/* End PBXResourcesBuildPhase section */

/* Begin PBXSourcesBuildPhase section */
		E52C05EE29F049EF002D7C11 /* Sources */ = {
			isa = PBXSourcesBuildPhase;
			buildActionMask = 2147483647;
			files = (
				E52C062129F04B62002D7C11 /* GamingCardView.swift in Sources */,
				E52C062629F0B6E5002D7C11 /* Fonts.swift in Sources */,
				E52C062B29F1D3B2002D7C11 /* HomeScreen.swift in Sources */,
				E52C05F829F049EF002D7C11 /* ContentView.swift in Sources */,
				E52C05F629F049EF002D7C11 /* Gaming_TApp.swift in Sources */,
				E52C062429F07745002D7C11 /* Colors+Styles.swift in Sources */,
				E52C062E29F1DA19002D7C11 /* PlayersData.swift in Sources */,
				E52C062829F0BE5A002D7C11 /* CardDivider.swift in Sources */,
			);
			runOnlyForDeploymentPostprocessing = 0;
		};
		E52C05FE29F049F1002D7C11 /* Sources */ = {
			isa = PBXSourcesBuildPhase;
			buildActionMask = 2147483647;
			files = (
				E52C060729F049F1002D7C11 /* Gaming_TTests.swift in Sources */,
			);
			runOnlyForDeploymentPostprocessing = 0;
		};
		E52C060829F049F1002D7C11 /* Sources */ = {
			isa = PBXSourcesBuildPhase;
			buildActionMask = 2147483647;
			files = (
				E52C061329F049F1002D7C11 /* Gaming_TUITestsLaunchTests.swift in Sources */,
				E52C061129F049F1002D7C11 /* Gaming_TUITests.swift in Sources */,
			);
			runOnlyForDeploymentPostprocessing = 0;
		};
/* End PBXSourcesBuildPhase section */

/* Begin PBXTargetDependency section */
		E52C060429F049F1002D7C11 /* PBXTargetDependency */ = {
			isa = PBXTargetDependency;
			target = E52C05F129F049EF002D7C11 /* Gaming Match */;
			targetProxy = E52C060329F049F1002D7C11 /* PBXContainerItemProxy */;
		};
		E52C060E29F049F1002D7C11 /* PBXTargetDependency */ = {
			isa = PBXTargetDependency;
			target = E52C05F129F049EF002D7C11 /* Gaming Match */;
			targetProxy = E52C060D29F049F1002D7C11 /* PBXContainerItemProxy */;
		};
/* End PBXTargetDependency section */

/* Begin XCBuildConfiguration section */
		E52C061429F049F1002D7C11 /* Debug */ = {
			isa = XCBuildConfiguration;
			buildSettings = {
				ALWAYS_SEARCH_USER_PATHS = NO;
				CLANG_ANALYZER_NONNULL = YES;
				CLANG_ANALYZER_NUMBER_OBJECT_CONVERSION = YES_AGGRESSIVE;
				CLANG_CXX_LANGUAGE_STANDARD = "gnu++20";
				CLANG_ENABLE_MODULES = YES;
				CLANG_ENABLE_OBJC_ARC = YES;
				CLANG_ENABLE_OBJC_WEAK = YES;
				CLANG_WARN_BLOCK_CAPTURE_AUTORELEASING = YES;
				CLANG_WARN_BOOL_CONVERSION = YES;
				CLANG_WARN_COMMA = YES;
				CLANG_WARN_CONSTANT_CONVERSION = YES;
				CLANG_WARN_DEPRECATED_OBJC_IMPLEMENTATIONS = YES;
				CLANG_WARN_DIRECT_OBJC_ISA_USAGE = YES_ERROR;
				CLANG_WARN_DOCUMENTATION_COMMENTS = YES;
				CLANG_WARN_EMPTY_BODY = YES;
				CLANG_WARN_ENUM_CONVERSION = YES;
				CLANG_WARN_INFINITE_RECURSION = YES;
				CLANG_WARN_INT_CONVERSION = YES;
				CLANG_WARN_NON_LITERAL_NULL_CONVERSION = YES;
				CLANG_WARN_OBJC_IMPLICIT_RETAIN_SELF = YES;
				CLANG_WARN_OBJC_LITERAL_CONVERSION = YES;
				CLANG_WARN_OBJC_ROOT_CLASS = YES_ERROR;
				CLANG_WARN_QUOTED_INCLUDE_IN_FRAMEWORK_HEADER = YES;
				CLANG_WARN_RANGE_LOOP_ANALYSIS = YES;
				CLANG_WARN_STRICT_PROTOTYPES = YES;
				CLANG_WARN_SUSPICIOUS_MOVE = YES;
				CLANG_WARN_UNGUARDED_AVAILABILITY = YES_AGGRESSIVE;
				CLANG_WARN_UNREACHABLE_CODE = YES;
				CLANG_WARN__DUPLICATE_METHOD_MATCH = YES;
				COPY_PHASE_STRIP = NO;
				DEBUG_INFORMATION_FORMAT = dwarf;
				ENABLE_STRICT_OBJC_MSGSEND = YES;
				ENABLE_TESTABILITY = YES;
				GCC_C_LANGUAGE_STANDARD = gnu11;
				GCC_DYNAMIC_NO_PIC = NO;
				GCC_NO_COMMON_BLOCKS = YES;
				GCC_OPTIMIZATION_LEVEL = 0;
				GCC_PREPROCESSOR_DEFINITIONS = (
					"DEBUG=1",
					"$(inherited)",
				);
				GCC_WARN_64_TO_32_BIT_CONVERSION = YES;
				GCC_WARN_ABOUT_RETURN_TYPE = YES_ERROR;
				GCC_WARN_UNDECLARED_SELECTOR = YES;
				GCC_WARN_UNINITIALIZED_AUTOS = YES_AGGRESSIVE;
				GCC_WARN_UNUSED_FUNCTION = YES;
				GCC_WARN_UNUSED_VARIABLE = YES;
				IPHONEOS_DEPLOYMENT_TARGET = 16.2;
				MTL_ENABLE_DEBUG_INFO = INCLUDE_SOURCE;
				MTL_FAST_MATH = YES;
				ONLY_ACTIVE_ARCH = YES;
				SDKROOT = iphoneos;
				SWIFT_ACTIVE_COMPILATION_CONDITIONS = DEBUG;
				SWIFT_OPTIMIZATION_LEVEL = "-Onone";
			};
			name = Debug;
		};
		E52C061529F049F1002D7C11 /* Release */ = {
			isa = XCBuildConfiguration;
			buildSettings = {
				ALWAYS_SEARCH_USER_PATHS = NO;
				CLANG_ANALYZER_NONNULL = YES;
				CLANG_ANALYZER_NUMBER_OBJECT_CONVERSION = YES_AGGRESSIVE;
				CLANG_CXX_LANGUAGE_STANDARD = "gnu++20";
				CLANG_ENABLE_MODULES = YES;
				CLANG_ENABLE_OBJC_ARC = YES;
				CLANG_ENABLE_OBJC_WEAK = YES;
				CLANG_WARN_BLOCK_CAPTURE_AUTORELEASING = YES;
				CLANG_WARN_BOOL_CONVERSION = YES;
				CLANG_WARN_COMMA = YES;
				CLANG_WARN_CONSTANT_CONVERSION = YES;
				CLANG_WARN_DEPRECATED_OBJC_IMPLEMENTATIONS = YES;
				CLANG_WARN_DIRECT_OBJC_ISA_USAGE = YES_ERROR;
				CLANG_WARN_DOCUMENTATION_COMMENTS = YES;
				CLANG_WARN_EMPTY_BODY = YES;
				CLANG_WARN_ENUM_CONVERSION = YES;
				CLANG_WARN_INFINITE_RECURSION = YES;
				CLANG_WARN_INT_CONVERSION = YES;
				CLANG_WARN_NON_LITERAL_NULL_CONVERSION = YES;
				CLANG_WARN_OBJC_IMPLICIT_RETAIN_SELF = YES;
				CLANG_WARN_OBJC_LITERAL_CONVERSION = YES;
				CLANG_WARN_OBJC_ROOT_CLASS = YES_ERROR;
				CLANG_WARN_QUOTED_INCLUDE_IN_FRAMEWORK_HEADER = YES;
				CLANG_WARN_RANGE_LOOP_ANALYSIS = YES;
				CLANG_WARN_STRICT_PROTOTYPES = YES;
				CLANG_WARN_SUSPICIOUS_MOVE = YES;
				CLANG_WARN_UNGUARDED_AVAILABILITY = YES_AGGRESSIVE;
				CLANG_WARN_UNREACHABLE_CODE = YES;
				CLANG_WARN__DUPLICATE_METHOD_MATCH = YES;
				COPY_PHASE_STRIP = NO;
				DEBUG_INFORMATION_FORMAT = "dwarf-with-dsym";
				ENABLE_NS_ASSERTIONS = NO;
				ENABLE_STRICT_OBJC_MSGSEND = YES;
				GCC_C_LANGUAGE_STANDARD = gnu11;
				GCC_NO_COMMON_BLOCKS = YES;
				GCC_WARN_64_TO_32_BIT_CONVERSION = YES;
				GCC_WARN_ABOUT_RETURN_TYPE = YES_ERROR;
				GCC_WARN_UNDECLARED_SELECTOR = YES;
				GCC_WARN_UNINITIALIZED_AUTOS = YES_AGGRESSIVE;
				GCC_WARN_UNUSED_FUNCTION = YES;
				GCC_WARN_UNUSED_VARIABLE = YES;
				IPHONEOS_DEPLOYMENT_TARGET = 16.2;
				MTL_ENABLE_DEBUG_INFO = NO;
				MTL_FAST_MATH = YES;
				SDKROOT = iphoneos;
				SWIFT_COMPILATION_MODE = wholemodule;
				SWIFT_OPTIMIZATION_LEVEL = "-O";
				VALIDATE_PRODUCT = YES;
			};
			name = Release;
		};
		E52C061729F049F1002D7C11 /* Debug */ = {
			isa = XCBuildConfiguration;
			buildSettings = {
				ASSETCATALOG_COMPILER_APPICON_NAME = AppIcon;
				ASSETCATALOG_COMPILER_GLOBAL_ACCENT_COLOR_NAME = AccentColor;
				CODE_SIGN_STYLE = Automatic;
				CURRENT_PROJECT_VERSION = 1;
				DEVELOPMENT_ASSET_PATHS = "\"Gaming T/Preview Content\"";
				DEVELOPMENT_TEAM = 6A8498PHTR;
				ENABLE_PREVIEWS = YES;
				GENERATE_INFOPLIST_FILE = YES;
				INFOPLIST_KEY_CFBundleDisplayName = GM;
				INFOPLIST_KEY_LSApplicationCategoryType = "public.app-category.social-networking";
				INFOPLIST_KEY_UIApplicationSceneManifest_Generation = YES;
				INFOPLIST_KEY_UIApplicationSupportsIndirectInputEvents = YES;
				INFOPLIST_KEY_UILaunchScreen_Generation = YES;
				INFOPLIST_KEY_UISupportedInterfaceOrientations_iPad = "UIInterfaceOrientationPortrait UIInterfaceOrientationPortraitUpsideDown UIInterfaceOrientationLandscapeLeft UIInterfaceOrientationLandscapeRight";
				INFOPLIST_KEY_UISupportedInterfaceOrientations_iPhone = "UIInterfaceOrientationPortrait UIInterfaceOrientationLandscapeLeft UIInterfaceOrientationLandscapeRight";
				LD_RUNPATH_SEARCH_PATHS = (
					"$(inherited)",
					"@executable_path/Frameworks",
				);
				MARKETING_VERSION = 0.1;
				PRODUCT_BUNDLE_IDENTIFIER = "com.regy.Gaming-Match";
				PRODUCT_NAME = "$(TARGET_NAME)";
				SWIFT_EMIT_LOC_STRINGS = YES;
				SWIFT_VERSION = 5.0;
				TARGETED_DEVICE_FAMILY = "1,2";
			};
			name = Debug;
		};
		E52C061829F049F1002D7C11 /* Release */ = {
			isa = XCBuildConfiguration;
			buildSettings = {
				ASSETCATALOG_COMPILER_APPICON_NAME = AppIcon;
				ASSETCATALOG_COMPILER_GLOBAL_ACCENT_COLOR_NAME = AccentColor;
				CODE_SIGN_STYLE = Automatic;
				CURRENT_PROJECT_VERSION = 1;
				DEVELOPMENT_ASSET_PATHS = "\"Gaming T/Preview Content\"";
				DEVELOPMENT_TEAM = 6A8498PHTR;
				ENABLE_PREVIEWS = YES;
				GENERATE_INFOPLIST_FILE = YES;
				INFOPLIST_KEY_CFBundleDisplayName = GM;
				INFOPLIST_KEY_LSApplicationCategoryType = "public.app-category.social-networking";
				INFOPLIST_KEY_UIApplicationSceneManifest_Generation = YES;
				INFOPLIST_KEY_UIApplicationSupportsIndirectInputEvents = YES;
				INFOPLIST_KEY_UILaunchScreen_Generation = YES;
				INFOPLIST_KEY_UISupportedInterfaceOrientations_iPad = "UIInterfaceOrientationPortrait UIInterfaceOrientationPortraitUpsideDown UIInterfaceOrientationLandscapeLeft UIInterfaceOrientationLandscapeRight";
				INFOPLIST_KEY_UISupportedInterfaceOrientations_iPhone = "UIInterfaceOrientationPortrait UIInterfaceOrientationLandscapeLeft UIInterfaceOrientationLandscapeRight";
				LD_RUNPATH_SEARCH_PATHS = (
					"$(inherited)",
					"@executable_path/Frameworks",
				);
				MARKETING_VERSION = 0.1;
				PRODUCT_BUNDLE_IDENTIFIER = "com.regy.Gaming-Match";
				PRODUCT_NAME = "$(TARGET_NAME)";
				SWIFT_EMIT_LOC_STRINGS = YES;
				SWIFT_VERSION = 5.0;
				TARGETED_DEVICE_FAMILY = "1,2";
			};
			name = Release;
		};
		E52C061A29F049F1002D7C11 /* Debug */ = {
			isa = XCBuildConfiguration;
			buildSettings = {
				ALWAYS_EMBED_SWIFT_STANDARD_LIBRARIES = YES;
				BUNDLE_LOADER = "$(TEST_HOST)";
				CODE_SIGN_STYLE = Automatic;
				CURRENT_PROJECT_VERSION = 1;
				DEVELOPMENT_TEAM = 6A8498PHTR;
				GENERATE_INFOPLIST_FILE = YES;
				IPHONEOS_DEPLOYMENT_TARGET = 16.2;
				MARKETING_VERSION = 1.0;
				PRODUCT_BUNDLE_IDENTIFIER = "com.regy.Gaming-TTests";
				PRODUCT_NAME = "$(TARGET_NAME)";
				SWIFT_EMIT_LOC_STRINGS = NO;
				SWIFT_VERSION = 5.0;
				TARGETED_DEVICE_FAMILY = "1,2";
				TEST_HOST = "$(BUILT_PRODUCTS_DIR)/Gaming Match.app/$(BUNDLE_EXECUTABLE_FOLDER_PATH)/Gaming Match";
			};
			name = Debug;
		};
		E52C061B29F049F1002D7C11 /* Release */ = {
			isa = XCBuildConfiguration;
			buildSettings = {
				ALWAYS_EMBED_SWIFT_STANDARD_LIBRARIES = YES;
				BUNDLE_LOADER = "$(TEST_HOST)";
				CODE_SIGN_STYLE = Automatic;
				CURRENT_PROJECT_VERSION = 1;
				DEVELOPMENT_TEAM = 6A8498PHTR;
				GENERATE_INFOPLIST_FILE = YES;
				IPHONEOS_DEPLOYMENT_TARGET = 16.2;
				MARKETING_VERSION = 1.0;
				PRODUCT_BUNDLE_IDENTIFIER = "com.regy.Gaming-TTests";
				PRODUCT_NAME = "$(TARGET_NAME)";
				SWIFT_EMIT_LOC_STRINGS = NO;
				SWIFT_VERSION = 5.0;
				TARGETED_DEVICE_FAMILY = "1,2";
				TEST_HOST = "$(BUILT_PRODUCTS_DIR)/Gaming Match.app/$(BUNDLE_EXECUTABLE_FOLDER_PATH)/Gaming Match";
			};
			name = Release;
		};
		E52C061D29F049F1002D7C11 /* Debug */ = {
			isa = XCBuildConfiguration;
			buildSettings = {
				ALWAYS_EMBED_SWIFT_STANDARD_LIBRARIES = YES;
				CODE_SIGN_STYLE = Automatic;
				CURRENT_PROJECT_VERSION = 1;
				DEVELOPMENT_TEAM = 6A8498PHTR;
				GENERATE_INFOPLIST_FILE = YES;
				MARKETING_VERSION = 1.0;
				PRODUCT_BUNDLE_IDENTIFIER = "com.regy.Gaming-TUITests";
				PRODUCT_NAME = "$(TARGET_NAME)";
				SWIFT_EMIT_LOC_STRINGS = NO;
				SWIFT_VERSION = 5.0;
				TARGETED_DEVICE_FAMILY = "1,2";
				TEST_TARGET_NAME = "Gaming T";
			};
			name = Debug;
		};
		E52C061E29F049F1002D7C11 /* Release */ = {
			isa = XCBuildConfiguration;
			buildSettings = {
				ALWAYS_EMBED_SWIFT_STANDARD_LIBRARIES = YES;
				CODE_SIGN_STYLE = Automatic;
				CURRENT_PROJECT_VERSION = 1;
				DEVELOPMENT_TEAM = 6A8498PHTR;
				GENERATE_INFOPLIST_FILE = YES;
				MARKETING_VERSION = 1.0;
				PRODUCT_BUNDLE_IDENTIFIER = "com.regy.Gaming-TUITests";
				PRODUCT_NAME = "$(TARGET_NAME)";
				SWIFT_EMIT_LOC_STRINGS = NO;
				SWIFT_VERSION = 5.0;
				TARGETED_DEVICE_FAMILY = "1,2";
				TEST_TARGET_NAME = "Gaming T";
			};
			name = Release;
		};
/* End XCBuildConfiguration section */

/* Begin XCConfigurationList section */
		E52C05ED29F049EF002D7C11 /* Build configuration list for PBXProject "Gaming Match" */ = {
			isa = XCConfigurationList;
			buildConfigurations = (
				E52C061429F049F1002D7C11 /* Debug */,
				E52C061529F049F1002D7C11 /* Release */,
			);
			defaultConfigurationIsVisible = 0;
			defaultConfigurationName = Release;
		};
		E52C061629F049F1002D7C11 /* Build configuration list for PBXNativeTarget "Gaming Match" */ = {
			isa = XCConfigurationList;
			buildConfigurations = (
				E52C061729F049F1002D7C11 /* Debug */,
				E52C061829F049F1002D7C11 /* Release */,
			);
			defaultConfigurationIsVisible = 0;
			defaultConfigurationName = Release;
		};
		E52C061929F049F1002D7C11 /* Build configuration list for PBXNativeTarget "Gaming MatchTests" */ = {
			isa = XCConfigurationList;
			buildConfigurations = (
				E52C061A29F049F1002D7C11 /* Debug */,
				E52C061B29F049F1002D7C11 /* Release */,
			);
			defaultConfigurationIsVisible = 0;
			defaultConfigurationName = Release;
		};
		E52C061C29F049F1002D7C11 /* Build configuration list for PBXNativeTarget "Gaming MatchUITests" */ = {
			isa = XCConfigurationList;
			buildConfigurations = (
				E52C061D29F049F1002D7C11 /* Debug */,
				E52C061E29F049F1002D7C11 /* Release */,
			);
			defaultConfigurationIsVisible = 0;
			defaultConfigurationName = Release;
		};
/* End XCConfigurationList section */
	};
	rootObject = E52C05EA29F049EF002D7C11 /* Project object */;
}
